
Microsoft Visual Studio Solution File, Format Version 12.00
# Visual Studio 15
VisualStudioVersion = 15.0.28307.1684
MinimumVisualStudioVersion = 10.0.40219.1
Project("{FAE04EC0-301F-11D3-BF4B-00C04F79EFBC}") = "week6_practice_1", "week6_practice_1\week6_practice_1.csproj", "{66971772-B393-43EA-8857-540A864113EE}"
EndProject
Global
	GlobalSection(SolutionConfigurationPlatforms) = preSolution
		Debug|Any CPU = Debug|Any CPU
		Release|Any CPU = Release|Any CPU
	EndGlobalSection
	GlobalSection(ProjectConfigurationPlatforms) = postSolution
		{66971772-B393-43EA-8857-540A864113EE}.Debug|Any CPU.ActiveCfg = Debug|Any CPU
		{66971772-B393-43EA-8857-540A864113EE}.Debug|Any CPU.Build.0 = Debug|Any CPU
		{66971772-B393-43EA-8857-540A864113EE}.Release|Any CPU.ActiveCfg = Release|Any CPU
		{66971772-B393-43EA-8857-540A864113EE}.Release|Any CPU.Build.0 = Release|Any CPU
	EndGlobalSection
	GlobalSection(SolutionProperties) = preSolution
		HideSolutionNode = FALSE
	EndGlobalSection
	GlobalSection(ExtensibilityGlobals) = postSolution
		SolutionGuid = {B6CCA218-AA21-41A3-B3D7-B74C5F86A82A}
	EndGlobalSection
EndGlobal
